
Microsoft Visual Studio Solution File, Format Version 12.00
# Visual Studio Version 16
VisualStudioVersion = 16.0.31205.134
MinimumVisualStudioVersion = 10.0.40219.1
Project("{FAE04EC0-301F-11D3-BF4B-00C04F79EFBC}") = "winformPaintStore", "winformPaintStore\winformPaintStore.csproj", "{67F61693-49FB-4CEE-8AF4-10BFC3DF29E5}"
EndProject
Global
	GlobalSection(SolutionConfigurationPlatforms) = preSolution
		Debug|Any CPU = Debug|Any CPU
		Release|Any CPU = Release|Any CPU
	EndGlobalSection
	GlobalSection(ProjectConfigurationPlatforms) = postSolution
		{67F61693-49FB-4CEE-8AF4-10BFC3DF29E5}.Debug|Any CPU.ActiveCfg = Debug|Any CPU
		{67F61693-49FB-4CEE-8AF4-10BFC3DF29E5}.Debug|Any CPU.Build.0 = Debug|Any CPU
		{67F61693-49FB-4CEE-8AF4-10BFC3DF29E5}.Release|Any CPU.ActiveCfg = Release|Any CPU
		{67F61693-49FB-4CEE-8AF4-10BFC3DF29E5}.Release|Any CPU.Build.0 = Release|Any CPU
	EndGlobalSection
	GlobalSection(SolutionProperties) = preSolution
		HideSolutionNode = FALSE
	EndGlobalSection
	GlobalSection(ExtensibilityGlobals) = postSolution
		SolutionGuid = {8E4F1017-DEF2-4CA1-A8BE-C36B4117B316}
	EndGlobalSection
EndGlobal
